{
  "name": "Duan",
  "lockfileVersion": 3,
  "requires": true,
  "packages": {
    "": {
      "dependencies": {
        "metismenu": "^3.0.7"
      }
    },
    "node_modules/jquery": {
      "version": "3.5.1",
      "resolved": "https://registry.npmjs.org/jquery/-/jquery-3.5.1.tgz",
      "integrity": "sha512-XwIBPqcMn57FxfT+Go5pzySnm4KWkT1Tv7gjrpT1srtf8Weynl6R273VJ5GjkRb51IzMp5nbaPjJXMWeju2MKg==",
      "peer": true
    },
    "node_modules/metismenu": {
      "version": "3.0.7",
      "resolved": "https://registry.npmjs.org/metismenu/-/metismenu-3.0.7.tgz",
      "integrity": "sha512-omMwIAahlzssjSi3xY9ijkhXI8qEaQTqBdJ9lHmfV5Bld2UkxO2h2M3yWsteAlGJ/nSHi4e69WHDE2r18Ickyw==",
      "peerDependencies": {
        "jquery": "^3.4.1"
      }
    }
  }
}
